
Microsoft Visual Studio Solution File, Format Version 12.00
# Visual Studio 2012
Project("{FAE04EC0-301F-11D3-BF4B-00C04F79EFBC}") = "MvvmSample.Desktop", "MvvmSample.Desktop\MvvmSample.Desktop.csproj", "{B2CF4039-7117-4D30-800D-92DF3DB24187}"
EndProject
Project("{FAE04EC0-301F-11D3-BF4B-00C04F79EFBC}") = "MvvmSample.WebMvc", "MvvmSample.WebMvc\MvvmSample.WebMvc.csproj", "{549FBAD6-46BC-4169-850C-E9875E6E35D7}"
EndProject
Project("{00D1A9C2-B5F0-4AF3-8072-F6C62B433612}") = "MvvmSample.Database", "MvvmSample.Database\MvvmSample.Database.sqlproj", "{D1A2FF84-8373-4633-9EEE-3141F836B222}"
EndProject
Project("{FAE04EC0-301F-11D3-BF4B-00C04F79EFBC}") = "MvvmSample.Data", "MvvmSample.Data\MvvmSample.Data.csproj", "{3219A2DB-5DA8-4CF9-B8A6-E8418F3E1A17}"
EndProject
Global

	GlobalSection(SolutionConfigurationPlatforms) = preSolution
		Debug|Any CPU = Debug|Any CPU
		Release|Any CPU = Release|Any CPU
	EndGlobalSection
	GlobalSection(ProjectConfigurationPlatforms) = postSolution
		{B2CF4039-7117-4D30-800D-92DF3DB24187}.Debug|Any CPU.ActiveCfg = Debug|Any CPU
		{B2CF4039-7117-4D30-800D-92DF3DB24187}.Debug|Any CPU.Build.0 = Debug|Any CPU
		{B2CF4039-7117-4D30-800D-92DF3DB24187}.Release|Any CPU.ActiveCfg = Release|Any CPU
		{B2CF4039-7117-4D30-800D-92DF3DB24187}.Release|Any CPU.Build.0 = Release|Any CPU
		{549FBAD6-46BC-4169-850C-E9875E6E35D7}.Debug|Any CPU.ActiveCfg = Debug|Any CPU
		{549FBAD6-46BC-4169-850C-E9875E6E35D7}.Debug|Any CPU.Build.0 = Debug|Any CPU
		{549FBAD6-46BC-4169-850C-E9875E6E35D7}.Release|Any CPU.ActiveCfg = Release|Any CPU
		{549FBAD6-46BC-4169-850C-E9875E6E35D7}.Release|Any CPU.Build.0 = Release|Any CPU
		{D1A2FF84-8373-4633-9EEE-3141F836B222}.Debug|Any CPU.ActiveCfg = Debug|Any CPU
		{D1A2FF84-8373-4633-9EEE-3141F836B222}.Debug|Any CPU.Build.0 = Debug|Any CPU
		{D1A2FF84-8373-4633-9EEE-3141F836B222}.Debug|Any CPU.Deploy.0 = Debug|Any CPU
		{D1A2FF84-8373-4633-9EEE-3141F836B222}.Release|Any CPU.ActiveCfg = Release|Any CPU
		{D1A2FF84-8373-4633-9EEE-3141F836B222}.Release|Any CPU.Build.0 = Release|Any CPU
		{D1A2FF84-8373-4633-9EEE-3141F836B222}.Release|Any CPU.Deploy.0 = Release|Any CPU
		{3219A2DB-5DA8-4CF9-B8A6-E8418F3E1A17}.Debug|Any CPU.ActiveCfg = Debug|Any CPU
		{3219A2DB-5DA8-4CF9-B8A6-E8418F3E1A17}.Debug|Any CPU.Build.0 = Debug|Any CPU
		{3219A2DB-5DA8-4CF9-B8A6-E8418F3E1A17}.Release|Any CPU.ActiveCfg = Release|Any CPU
		{3219A2DB-5DA8-4CF9-B8A6-E8418F3E1A17}.Release|Any CPU.Build.0 = Release|Any CPU
	EndGlobalSection
	GlobalSection(SolutionProperties) = preSolution
		HideSolutionNode = FALSE
	EndGlobalSection
EndGlobal
