
Microsoft Visual Studio Solution File, Format Version 11.00
# Visual Studio 2010
Project("{FAE04EC0-301F-11D3-BF4B-00C04F79EFBC}") = "ObjectOrientedSample", "ObjectOrientedSample\ObjectOrientedSample.csproj", "{65D4E712-E75A-4780-A711-A6F69FB2B2D2}"
EndProject
Project("{FAE04EC0-301F-11D3-BF4B-00C04F79EFBC}") = "NotObjectOrientedSample", "NotObjectOrientedSample\NotObjectOrientedSample.csproj", "{273CA0A8-46E9-4020-ADD8-D16684D43FBF}"
EndProject
Project("{FAE04EC0-301F-11D3-BF4B-00C04F79EFBC}") = "ObjectOrientedSample2", "ObjectOrientedSample2\ObjectOrientedSample2.csproj", "{3F44BD89-1DAD-485B-AD1C-7A0712F51BB5}"
EndProject
Project("{FAE04EC0-301F-11D3-BF4B-00C04F79EFBC}") = "NotObjectOrientedSample2", "NotObjectOrientedSample2\NotObjectOrientedSample2.csproj", "{4C2025D2-58CE-4657-B467-949DA9A15B8B}"
EndProject
Global
	GlobalSection(SolutionConfigurationPlatforms) = preSolution
		Debug|Any CPU = Debug|Any CPU
		Release|Any CPU = Release|Any CPU
	EndGlobalSection
	GlobalSection(ProjectConfigurationPlatforms) = postSolution
		{65D4E712-E75A-4780-A711-A6F69FB2B2D2}.Debug|Any CPU.ActiveCfg = Debug|Any CPU
		{65D4E712-E75A-4780-A711-A6F69FB2B2D2}.Debug|Any CPU.Build.0 = Debug|Any CPU
		{65D4E712-E75A-4780-A711-A6F69FB2B2D2}.Release|Any CPU.ActiveCfg = Release|Any CPU
		{65D4E712-E75A-4780-A711-A6F69FB2B2D2}.Release|Any CPU.Build.0 = Release|Any CPU
		{273CA0A8-46E9-4020-ADD8-D16684D43FBF}.Debug|Any CPU.ActiveCfg = Debug|Any CPU
		{273CA0A8-46E9-4020-ADD8-D16684D43FBF}.Debug|Any CPU.Build.0 = Debug|Any CPU
		{273CA0A8-46E9-4020-ADD8-D16684D43FBF}.Release|Any CPU.ActiveCfg = Release|Any CPU
		{273CA0A8-46E9-4020-ADD8-D16684D43FBF}.Release|Any CPU.Build.0 = Release|Any CPU
		{3F44BD89-1DAD-485B-AD1C-7A0712F51BB5}.Debug|Any CPU.ActiveCfg = Debug|Any CPU
		{3F44BD89-1DAD-485B-AD1C-7A0712F51BB5}.Debug|Any CPU.Build.0 = Debug|Any CPU
		{3F44BD89-1DAD-485B-AD1C-7A0712F51BB5}.Release|Any CPU.ActiveCfg = Release|Any CPU
		{3F44BD89-1DAD-485B-AD1C-7A0712F51BB5}.Release|Any CPU.Build.0 = Release|Any CPU
		{4C2025D2-58CE-4657-B467-949DA9A15B8B}.Debug|Any CPU.ActiveCfg = Debug|Any CPU
		{4C2025D2-58CE-4657-B467-949DA9A15B8B}.Debug|Any CPU.Build.0 = Debug|Any CPU
		{4C2025D2-58CE-4657-B467-949DA9A15B8B}.Release|Any CPU.ActiveCfg = Release|Any CPU
		{4C2025D2-58CE-4657-B467-949DA9A15B8B}.Release|Any CPU.Build.0 = Release|Any CPU
	EndGlobalSection
	GlobalSection(SolutionProperties) = preSolution
		HideSolutionNode = FALSE
	EndGlobalSection

EndGlobal
